
Microsoft Visual Studio Solution File, Format Version 12.00
# Visual Studio Version 17
VisualStudioVersion = 17.2.32427.441
MinimumVisualStudioVersion = 10.0.40219.1
Project("{9A19103F-16F7-4668-BE54-9A1E7A4F7556}") = "ZoDream.Shared", "ZoDream.Shared\ZoDream.Shared.csproj", "{3F6B70B5-C890-49E3-B0DF-F9F8B486879F}"
EndProject
Project("{9A19103F-16F7-4668-BE54-9A1E7A4F7556}") = "ZoDream.Shared.Controls", "ZoDream.Shared.Controls\ZoDream.Shared.Controls.csproj", "{4B07BA4B-BA22-45D8-B1E1-A1BE2E4CC293}"
EndProject
Project("{9A19103F-16F7-4668-BE54-9A1E7A4F7556}") = "ZoDream.Shared.Http", "ZoDream.Shared.Http\ZoDream.Shared.Http.csproj", "{6A4C9764-1590-411C-9A9D-ED93273B3B78}"
EndProject
Project("{9A19103F-16F7-4668-BE54-9A1E7A4F7556}") = "ZoDream.Shared.HexView", "ZoDream.Shared.HexView\ZoDream.Shared.HexView.csproj", "{8C50F457-FEE9-455D-B4EA-D3AA32899897}"
EndProject
Project("{9A19103F-16F7-4668-BE54-9A1E7A4F7556}") = "ZoDream.Shared.UndoRedo", "ZoDream.Shared.UndoRedo\ZoDream.Shared.UndoRedo.csproj", "{5E5412D0-F9E4-4A4C-A8C2-55B74C7744BC}"
EndProject
Project("{9A19103F-16F7-4668-BE54-9A1E7A4F7556}") = "ZoDream.Shared.Drawing", "ZoDream.Shared.Drawing\ZoDream.Shared.Drawing.csproj", "{7FFC110F-2F90-475C-AFB5-89068A1C0779}"
EndProject
Global
	GlobalSection(SolutionConfigurationPlatforms) = preSolution
		Debug|Any CPU = Debug|Any CPU
		Release|Any CPU = Release|Any CPU
	EndGlobalSection
	GlobalSection(ProjectConfigurationPlatforms) = postSolution
		{3F6B70B5-C890-49E3-B0DF-F9F8B486879F}.Debug|Any CPU.ActiveCfg = Debug|Any CPU
		{3F6B70B5-C890-49E3-B0DF-F9F8B486879F}.Debug|Any CPU.Build.0 = Debug|Any CPU
		{3F6B70B5-C890-49E3-B0DF-F9F8B486879F}.Release|Any CPU.ActiveCfg = Release|Any CPU
		{3F6B70B5-C890-49E3-B0DF-F9F8B486879F}.Release|Any CPU.Build.0 = Release|Any CPU
		{4B07BA4B-BA22-45D8-B1E1-A1BE2E4CC293}.Debug|Any CPU.ActiveCfg = Debug|Any CPU
		{4B07BA4B-BA22-45D8-B1E1-A1BE2E4CC293}.Debug|Any CPU.Build.0 = Debug|Any CPU
		{4B07BA4B-BA22-45D8-B1E1-A1BE2E4CC293}.Release|Any CPU.ActiveCfg = Release|Any CPU
		{4B07BA4B-BA22-45D8-B1E1-A1BE2E4CC293}.Release|Any CPU.Build.0 = Release|Any CPU
		{6A4C9764-1590-411C-9A9D-ED93273B3B78}.Debug|Any CPU.ActiveCfg = Debug|Any CPU
		{6A4C9764-1590-411C-9A9D-ED93273B3B78}.Debug|Any CPU.Build.0 = Debug|Any CPU
		{6A4C9764-1590-411C-9A9D-ED93273B3B78}.Release|Any CPU.ActiveCfg = Release|Any CPU
		{6A4C9764-1590-411C-9A9D-ED93273B3B78}.Release|Any CPU.Build.0 = Release|Any CPU
		{8C50F457-FEE9-455D-B4EA-D3AA32899897}.Debug|Any CPU.ActiveCfg = Debug|Any CPU
		{8C50F457-FEE9-455D-B4EA-D3AA32899897}.Debug|Any CPU.Build.0 = Debug|Any CPU
		{8C50F457-FEE9-455D-B4EA-D3AA32899897}.Release|Any CPU.ActiveCfg = Release|Any CPU
		{8C50F457-FEE9-455D-B4EA-D3AA32899897}.Release|Any CPU.Build.0 = Release|Any CPU
		{5E5412D0-F9E4-4A4C-A8C2-55B74C7744BC}.Debug|Any CPU.ActiveCfg = Debug|Any CPU
		{5E5412D0-F9E4-4A4C-A8C2-55B74C7744BC}.Debug|Any CPU.Build.0 = Debug|Any CPU
		{5E5412D0-F9E4-4A4C-A8C2-55B74C7744BC}.Release|Any CPU.ActiveCfg = Release|Any CPU
		{5E5412D0-F9E4-4A4C-A8C2-55B74C7744BC}.Release|Any CPU.Build.0 = Release|Any CPU
		{7FFC110F-2F90-475C-AFB5-89068A1C0779}.Debug|Any CPU.ActiveCfg = Debug|Any CPU
		{7FFC110F-2F90-475C-AFB5-89068A1C0779}.Debug|Any CPU.Build.0 = Debug|Any CPU
		{7FFC110F-2F90-475C-AFB5-89068A1C0779}.Release|Any CPU.ActiveCfg = Release|Any CPU
		{7FFC110F-2F90-475C-AFB5-89068A1C0779}.Release|Any CPU.Build.0 = Release|Any CPU
	EndGlobalSection
	GlobalSection(SolutionProperties) = preSolution
		HideSolutionNode = FALSE
	EndGlobalSection
	GlobalSection(ExtensibilityGlobals) = postSolution
		SolutionGuid = {EDBB1DAD-DCC6-4EF2-BE9E-DD1DBC0FA7CF}
	EndGlobalSection
EndGlobal
